// !$*UTF8*$!
{
	archiveVersion = 1;
	classes = {
	};
	objectVersion = 56;
	objects = {

/* Begin PBXBuildFile section */
		1319AD372C50068B0081EB8E /* AppDelegate.swift in Sources */ = {isa = PBXBuildFile; fileRef = 1319AD362C50068B0081EB8E /* AppDelegate.swift */; };
		1319AD392C50068B0081EB8E /* SceneDelegate.swift in Sources */ = {isa = PBXBuildFile; fileRef = 1319AD382C50068B0081EB8E /* SceneDelegate.swift */; };
		1319AD3E2C50068B0081EB8E /* Base in Resources */ = {isa = PBXBuildFile; fileRef = 1319AD3D2C50068B0081EB8E /* Base */; };
		1319AD402C50068B0081EB8E /* Assets.xcassets in Resources */ = {isa = PBXBuildFile; fileRef = 1319AD3F2C50068B0081EB8E /* Assets.xcassets */; };
		1319AD432C50068B0081EB8E /* Base in Resources */ = {isa = PBXBuildFile; fileRef = 1319AD422C50068B0081EB8E /* Base */; };
		1319AD4E2C50068B0081EB8E /* Hospital_InspectionTests.swift in Sources */ = {isa = PBXBuildFile; fileRef = 1319AD4D2C50068B0081EB8E /* Hospital_InspectionTests.swift */; };
		1319AD582C50068B0081EB8E /* Hospital_InspectionUITests.swift in Sources */ = {isa = PBXBuildFile; fileRef = 1319AD572C50068B0081EB8E /* Hospital_InspectionUITests.swift */; };
		1319AD5A2C50068B0081EB8E /* Hospital_InspectionUITestsLaunchTests.swift in Sources */ = {isa = PBXBuildFile; fileRef = 1319AD592C50068B0081EB8E /* Hospital_InspectionUITestsLaunchTests.swift */; };
		135889DA2C54B33E0023D640 /* AuthenticationAPIServiceManager.swift in Sources */ = {isa = PBXBuildFile; fileRef = 135889D92C54B33E0023D640 /* AuthenticationAPIServiceManager.swift */; };
		135889DF2C54B6570023D640 /* APIEndpoints.swift in Sources */ = {isa = PBXBuildFile; fileRef = 135889DE2C54B6570023D640 /* APIEndpoints.swift */; };
		135889EA2C55454A0023D640 /* InspectionViewController.xib in Resources */ = {isa = PBXBuildFile; fileRef = 135889E92C55454A0023D640 /* InspectionViewController.xib */; };
		135889EB2C55454A0023D640 /* InspectionViewController.swift in Sources */ = {isa = PBXBuildFile; fileRef = 135889E82C55454A0023D640 /* InspectionViewController.swift */; };
		135889EE2C5552290023D640 /* InspectionModel.swift in Sources */ = {isa = PBXBuildFile; fileRef = 135889ED2C5552290023D640 /* InspectionModel.swift */; };
		135889F12C5555750023D640 /* InspectionViewModel.swift in Sources */ = {isa = PBXBuildFile; fileRef = 135889F02C5555750023D640 /* InspectionViewModel.swift */; };
		135889F32C5557660023D640 /* inspection.json in Resources */ = {isa = PBXBuildFile; fileRef = 135889F22C5557660023D640 /* inspection.json */; };
		135A7CC82C56B571001B26E5 /* InspectionAPIServiceManager.swift in Sources */ = {isa = PBXBuildFile; fileRef = 135A7CC72C56B571001B26E5 /* InspectionAPIServiceManager.swift */; };
		135A7CCA2C56C098001B26E5 /* AuthenticationApiServiceManagerTests.swift in Sources */ = {isa = PBXBuildFile; fileRef = 135A7CC92C56C098001B26E5 /* AuthenticationApiServiceManagerTests.swift */; };
		13D948C62C536FB2003AA117 /* UITextField+Extension.swift in Sources */ = {isa = PBXBuildFile; fileRef = 13D948C52C536FB2003AA117 /* UITextField+Extension.swift */; };
		13D948CB2C53E07B003AA117 /* AuthenticationModel.swift in Sources */ = {isa = PBXBuildFile; fileRef = 13D948CA2C53E07B003AA117 /* AuthenticationModel.swift */; };
		13D948CE2C53E285003AA117 /* AuthenticationVM.swift in Sources */ = {isa = PBXBuildFile; fileRef = 13D948CD2C53E285003AA117 /* AuthenticationVM.swift */; };
		13E91E782C5649BF002FF74C /* SurveyQuestionTableViewCell.swift in Sources */ = {isa = PBXBuildFile; fileRef = 13E91E762C5649BF002FF74C /* SurveyQuestionTableViewCell.swift */; };
		13E91E792C5649BF002FF74C /* SurveyQuestionTableViewCell.xib in Resources */ = {isa = PBXBuildFile; fileRef = 13E91E772C5649BF002FF74C /* SurveyQuestionTableViewCell.xib */; };
		13E91E7D2C565339002FF74C /* SurveyAnswerTableViewCell.swift in Sources */ = {isa = PBXBuildFile; fileRef = 13E91E7B2C565339002FF74C /* SurveyAnswerTableViewCell.swift */; };
		13E91E7E2C565339002FF74C /* SurveyAnswerTableViewCell.xib in Resources */ = {isa = PBXBuildFile; fileRef = 13E91E7C2C565339002FF74C /* SurveyAnswerTableViewCell.xib */; };
		13F622FF2C523AF000CC5928 /* AuthenticateVC.xib in Resources */ = {isa = PBXBuildFile; fileRef = 13F622FE2C523AF000CC5928 /* AuthenticateVC.xib */; };
		13F623002C523AF000CC5928 /* AuthenticateVC.swift in Sources */ = {isa = PBXBuildFile; fileRef = 13F622FD2C523AF000CC5928 /* AuthenticateVC.swift */; };
/* End PBXBuildFile section */

/* Begin PBXContainerItemProxy section */
		1319AD4A2C50068B0081EB8E /* PBXContainerItemProxy */ = {
			isa = PBXContainerItemProxy;
			containerPortal = 1319AD2B2C50068A0081EB8E /* Project object */;
			proxyType = 1;
			remoteGlobalIDString = 1319AD322C50068A0081EB8E;
			remoteInfo = "Hospital Inspection";
		};
		1319AD542C50068B0081EB8E /* PBXContainerItemProxy */ = {
			isa = PBXContainerItemProxy;
			containerPortal = 1319AD2B2C50068A0081EB8E /* Project object */;
			proxyType = 1;
			remoteGlobalIDString = 1319AD322C50068A0081EB8E;
			remoteInfo = "Hospital Inspection";
		};
/* End PBXContainerItemProxy section */

/* Begin PBXFileReference section */
		1319AD332C50068B0081EB8E /* Hospital Inspection.app */ = {isa = PBXFileReference; explicitFileType = wrapper.application; includeInIndex = 0; path = "Hospital Inspection.app"; sourceTree = BUILT_PRODUCTS_DIR; };
		1319AD362C50068B0081EB8E /* AppDelegate.swift */ = {isa = PBXFileReference; lastKnownFileType = sourcecode.swift; path = AppDelegate.swift; sourceTree = "<group>"; };
		1319AD382C50068B0081EB8E /* SceneDelegate.swift */ = {isa = PBXFileReference; lastKnownFileType = sourcecode.swift; path = SceneDelegate.swift; sourceTree = "<group>"; };
		1319AD3D2C50068B0081EB8E /* Base */ = {isa = PBXFileReference; lastKnownFileType = file.storyboard; name = Base; path = Base.lproj/Main.storyboard; sourceTree = "<group>"; };
		1319AD3F2C50068B0081EB8E /* Assets.xcassets */ = {isa = PBXFileReference; lastKnownFileType = folder.assetcatalog; path = Assets.xcassets; sourceTree = "<group>"; };
		1319AD422C50068B0081EB8E /* Base */ = {isa = PBXFileReference; lastKnownFileType = file.storyboard; name = Base; path = Base.lproj/LaunchScreen.storyboard; sourceTree = "<group>"; };
		1319AD442C50068B0081EB8E /* Info.plist */ = {isa = PBXFileReference; lastKnownFileType = text.plist.xml; path = Info.plist; sourceTree = "<group>"; };
		1319AD492C50068B0081EB8E /* Hospital InspectionTests.xctest */ = {isa = PBXFileReference; explicitFileType = wrapper.cfbundle; includeInIndex = 0; path = "Hospital InspectionTests.xctest"; sourceTree = BUILT_PRODUCTS_DIR; };
		1319AD4D2C50068B0081EB8E /* Hospital_InspectionTests.swift */ = {isa = PBXFileReference; lastKnownFileType = sourcecode.swift; path = Hospital_InspectionTests.swift; sourceTree = "<group>"; };
		1319AD532C50068B0081EB8E /* Hospital InspectionUITests.xctest */ = {isa = PBXFileReference; explicitFileType = wrapper.cfbundle; includeInIndex = 0; path = "Hospital InspectionUITests.xctest"; sourceTree = BUILT_PRODUCTS_DIR; };
		1319AD572C50068B0081EB8E /* Hospital_InspectionUITests.swift */ = {isa = PBXFileReference; lastKnownFileType = sourcecode.swift; path = Hospital_InspectionUITests.swift; sourceTree = "<group>"; };
		1319AD592C50068B0081EB8E /* Hospital_InspectionUITestsLaunchTests.swift */ = {isa = PBXFileReference; lastKnownFileType = sourcecode.swift; path = Hospital_InspectionUITestsLaunchTests.swift; sourceTree = "<group>"; };
		135889D92C54B33E0023D640 /* AuthenticationAPIServiceManager.swift */ = {isa = PBXFileReference; lastKnownFileType = sourcecode.swift; path = AuthenticationAPIServiceManager.swift; sourceTree = "<group>"; };
		135889DE2C54B6570023D640 /* APIEndpoints.swift */ = {isa = PBXFileReference; lastKnownFileType = sourcecode.swift; path = APIEndpoints.swift; sourceTree = "<group>"; };
		135889E82C55454A0023D640 /* InspectionViewController.swift */ = {isa = PBXFileReference; lastKnownFileType = sourcecode.swift; path = InspectionViewController.swift; sourceTree = "<group>"; };
		135889E92C55454A0023D640 /* InspectionViewController.xib */ = {isa = PBXFileReference; lastKnownFileType = file.xib; path = InspectionViewController.xib; sourceTree = "<group>"; };
		135889ED2C5552290023D640 /* InspectionModel.swift */ = {isa = PBXFileReference; lastKnownFileType = sourcecode.swift; path = InspectionModel.swift; sourceTree = "<group>"; };
		135889F02C5555750023D640 /* InspectionViewModel.swift */ = {isa = PBXFileReference; lastKnownFileType = sourcecode.swift; path = InspectionViewModel.swift; sourceTree = "<group>"; };
		135889F22C5557660023D640 /* inspection.json */ = {isa = PBXFileReference; fileEncoding = 4; lastKnownFileType = text.json; path = inspection.json; sourceTree = "<group>"; };
		135A7CC72C56B571001B26E5 /* InspectionAPIServiceManager.swift */ = {isa = PBXFileReference; lastKnownFileType = sourcecode.swift; path = InspectionAPIServiceManager.swift; sourceTree = "<group>"; };
		135A7CC92C56C098001B26E5 /* AuthenticationApiServiceManagerTests.swift */ = {isa = PBXFileReference; lastKnownFileType = sourcecode.swift; path = AuthenticationApiServiceManagerTests.swift; sourceTree = "<group>"; };
		13D948C52C536FB2003AA117 /* UITextField+Extension.swift */ = {isa = PBXFileReference; lastKnownFileType = sourcecode.swift; path = "UITextField+Extension.swift"; sourceTree = "<group>"; };
		13D948CA2C53E07B003AA117 /* AuthenticationModel.swift */ = {isa = PBXFileReference; lastKnownFileType = sourcecode.swift; path = AuthenticationModel.swift; sourceTree = "<group>"; };
		13D948CD2C53E285003AA117 /* AuthenticationVM.swift */ = {isa = PBXFileReference; lastKnownFileType = sourcecode.swift; path = AuthenticationVM.swift; sourceTree = "<group>"; };
		13E91E762C5649BF002FF74C /* SurveyQuestionTableViewCell.swift */ = {isa = PBXFileReference; lastKnownFileType = sourcecode.swift; path = SurveyQuestionTableViewCell.swift; sourceTree = "<group>"; };
		13E91E772C5649BF002FF74C /* SurveyQuestionTableViewCell.xib */ = {isa = PBXFileReference; lastKnownFileType = file.xib; path = SurveyQuestionTableViewCell.xib; sourceTree = "<group>"; };
		13E91E7B2C565339002FF74C /* SurveyAnswerTableViewCell.swift */ = {isa = PBXFileReference; lastKnownFileType = sourcecode.swift; path = SurveyAnswerTableViewCell.swift; sourceTree = "<group>"; };
		13E91E7C2C565339002FF74C /* SurveyAnswerTableViewCell.xib */ = {isa = PBXFileReference; lastKnownFileType = file.xib; path = SurveyAnswerTableViewCell.xib; sourceTree = "<group>"; };
		13F622FD2C523AF000CC5928 /* AuthenticateVC.swift */ = {isa = PBXFileReference; lastKnownFileType = sourcecode.swift; path = AuthenticateVC.swift; sourceTree = "<group>"; };
		13F622FE2C523AF000CC5928 /* AuthenticateVC.xib */ = {isa = PBXFileReference; lastKnownFileType = file.xib; path = AuthenticateVC.xib; sourceTree = "<group>"; };
/* End PBXFileReference section */

/* Begin PBXFrameworksBuildPhase section */
		1319AD302C50068A0081EB8E /* Frameworks */ = {
			isa = PBXFrameworksBuildPhase;
			buildActionMask = 2147483647;
			files = (
			);
			runOnlyForDeploymentPostprocessing = 0;
		};
		1319AD462C50068B0081EB8E /* Frameworks */ = {
			isa = PBXFrameworksBuildPhase;
			buildActionMask = 2147483647;
			files = (
			);
			runOnlyForDeploymentPostprocessing = 0;
		};
		1319AD502C50068B0081EB8E /* Frameworks */ = {
			isa = PBXFrameworksBuildPhase;
			buildActionMask = 2147483647;
			files = (
			);
			runOnlyForDeploymentPostprocessing = 0;
		};
/* End PBXFrameworksBuildPhase section */

/* Begin PBXGroup section */
		1319AD2A2C50068A0081EB8E = {
			isa = PBXGroup;
			children = (
				1319AD352C50068B0081EB8E /* Hospital Inspection */,
				1319AD4C2C50068B0081EB8E /* Hospital InspectionTests */,
				1319AD562C50068B0081EB8E /* Hospital InspectionUITests */,
				1319AD342C50068B0081EB8E /* Products */,
			);
			sourceTree = "<group>";
		};
		1319AD342C50068B0081EB8E /* Products */ = {
			isa = PBXGroup;
			children = (
				1319AD332C50068B0081EB8E /* Hospital Inspection.app */,
				1319AD492C50068B0081EB8E /* Hospital InspectionTests.xctest */,
				1319AD532C50068B0081EB8E /* Hospital InspectionUITests.xctest */,
			);
			name = Products;
			sourceTree = "<group>";
		};
		1319AD352C50068B0081EB8E /* Hospital Inspection */ = {
			isa = PBXGroup;
			children = (
				135889F22C5557660023D640 /* inspection.json */,
				135889DB2C54B5D80023D640 /* API Endpoints */,
				135889D82C54B3070023D640 /* Api Service Manager */,
				13D948C42C536F5E003AA117 /* Extensions */,
				13F622FC2C5239A700CC5928 /* Authenticate Screen */,
				135889E32C54F53B0023D640 /* InspectionScreen */,
				1319AD362C50068B0081EB8E /* AppDelegate.swift */,
				1319AD382C50068B0081EB8E /* SceneDelegate.swift */,
				1319AD3C2C50068B0081EB8E /* Main.storyboard */,
				1319AD3F2C50068B0081EB8E /* Assets.xcassets */,
				1319AD412C50068B0081EB8E /* LaunchScreen.storyboard */,
				1319AD442C50068B0081EB8E /* Info.plist */,
			);
			path = "Hospital Inspection";
			sourceTree = "<group>";
		};
		1319AD4C2C50068B0081EB8E /* Hospital InspectionTests */ = {
			isa = PBXGroup;
			children = (
				1319AD4D2C50068B0081EB8E /* Hospital_InspectionTests.swift */,
				135A7CC92C56C098001B26E5 /* AuthenticationApiServiceManagerTests.swift */,
			);
			path = "Hospital InspectionTests";
			sourceTree = "<group>";
		};
		1319AD562C50068B0081EB8E /* Hospital InspectionUITests */ = {
			isa = PBXGroup;
			children = (
				1319AD572C50068B0081EB8E /* Hospital_InspectionUITests.swift */,
				1319AD592C50068B0081EB8E /* Hospital_InspectionUITestsLaunchTests.swift */,
			);
			path = "Hospital InspectionUITests";
			sourceTree = "<group>";
		};
		135889D82C54B3070023D640 /* Api Service Manager */ = {
			isa = PBXGroup;
			children = (
				135889D92C54B33E0023D640 /* AuthenticationAPIServiceManager.swift */,
				135A7CC72C56B571001B26E5 /* InspectionAPIServiceManager.swift */,
			);
			path = "Api Service Manager";
			sourceTree = "<group>";
		};
		135889DB2C54B5D80023D640 /* API Endpoints */ = {
			isa = PBXGroup;
			children = (
				135889DE2C54B6570023D640 /* APIEndpoints.swift */,
			);
			path = "API Endpoints";
			sourceTree = "<group>";
		};
		135889E32C54F53B0023D640 /* InspectionScreen */ = {
			isa = PBXGroup;
			children = (
				13E91E7A2C565314002FF74C /* SurveyAnswerTableViewCell */,
				13E91E752C56498B002FF74C /* SurveyQuestionTableViewCell */,
				135889EF2C55555F0023D640 /* InspectionViewModel */,
				135889EC2C55520A0023D640 /* Inspection Model */,
				135889E82C55454A0023D640 /* InspectionViewController.swift */,
				135889E92C55454A0023D640 /* InspectionViewController.xib */,
			);
			path = InspectionScreen;
			sourceTree = "<group>";
		};
		135889EC2C55520A0023D640 /* Inspection Model */ = {
			isa = PBXGroup;
			children = (
				135889ED2C5552290023D640 /* InspectionModel.swift */,
			);
			path = "Inspection Model";
			sourceTree = "<group>";
		};
		135889EF2C55555F0023D640 /* InspectionViewModel */ = {
			isa = PBXGroup;
			children = (
				135889F02C5555750023D640 /* InspectionViewModel.swift */,
			);
			path = InspectionViewModel;
			sourceTree = "<group>";
		};
		13D948C42C536F5E003AA117 /* Extensions */ = {
			isa = PBXGroup;
			children = (
				13D948C52C536FB2003AA117 /* UITextField+Extension.swift */,
			);
			path = Extensions;
			sourceTree = "<group>";
		};
		13D948C92C53E063003AA117 /* Model */ = {
			isa = PBXGroup;
			children = (
				13D948CA2C53E07B003AA117 /* AuthenticationModel.swift */,
			);
			path = Model;
			sourceTree = "<group>";
		};
		13D948CC2C53E266003AA117 /* AuthenticationVM */ = {
			isa = PBXGroup;
			children = (
				13D948CD2C53E285003AA117 /* AuthenticationVM.swift */,
			);
			path = AuthenticationVM;
			sourceTree = "<group>";
		};
		13E91E752C56498B002FF74C /* SurveyQuestionTableViewCell */ = {
			isa = PBXGroup;
			children = (
				13E91E762C5649BF002FF74C /* SurveyQuestionTableViewCell.swift */,
				13E91E772C5649BF002FF74C /* SurveyQuestionTableViewCell.xib */,
			);
			path = SurveyQuestionTableViewCell;
			sourceTree = "<group>";
		};
		13E91E7A2C565314002FF74C /* SurveyAnswerTableViewCell */ = {
			isa = PBXGroup;
			children = (
				13E91E7B2C565339002FF74C /* SurveyAnswerTableViewCell.swift */,
				13E91E7C2C565339002FF74C /* SurveyAnswerTableViewCell.xib */,
			);
			path = SurveyAnswerTableViewCell;
			sourceTree = "<group>";
		};
		13F622FC2C5239A700CC5928 /* Authenticate Screen */ = {
			isa = PBXGroup;
			children = (
				13D948CC2C53E266003AA117 /* AuthenticationVM */,
				13D948C92C53E063003AA117 /* Model */,
				13F622FD2C523AF000CC5928 /* AuthenticateVC.swift */,
				13F622FE2C523AF000CC5928 /* AuthenticateVC.xib */,
			);
			path = "Authenticate Screen";
			sourceTree = "<group>";
		};
/* End PBXGroup section */

/* Begin PBXNativeTarget section */
		1319AD322C50068A0081EB8E /* Hospital Inspection */ = {
			isa = PBXNativeTarget;
			buildConfigurationList = 1319AD5D2C50068B0081EB8E /* Build configuration list for PBXNativeTarget "Hospital Inspection" */;
			buildPhases = (
				1319AD2F2C50068A0081EB8E /* Sources */,
				1319AD302C50068A0081EB8E /* Frameworks */,
				1319AD312C50068A0081EB8E /* Resources */,
			);
			buildRules = (
			);
			dependencies = (
			);
			name = "Hospital Inspection";
			productName = "Hospital Inspection";
			productReference = 1319AD332C50068B0081EB8E /* Hospital Inspection.app */;
			productType = "com.apple.product-type.application";
		};
		1319AD482C50068B0081EB8E /* Hospital InspectionTests */ = {
			isa = PBXNativeTarget;
			buildConfigurationList = 1319AD602C50068B0081EB8E /* Build configuration list for PBXNativeTarget "Hospital InspectionTests" */;
			buildPhases = (
				1319AD452C50068B0081EB8E /* Sources */,
				1319AD462C50068B0081EB8E /* Frameworks */,
				1319AD472C50068B0081EB8E /* Resources */,
			);
			buildRules = (
			);
			dependencies = (
				1319AD4B2C50068B0081EB8E /* PBXTargetDependency */,
			);
			name = "Hospital InspectionTests";
			productName = "Hospital InspectionTests";
			productReference = 1319AD492C50068B0081EB8E /* Hospital InspectionTests.xctest */;
			productType = "com.apple.product-type.bundle.unit-test";
		};
		1319AD522C50068B0081EB8E /* Hospital InspectionUITests */ = {
			isa = PBXNativeTarget;
			buildConfigurationList = 1319AD632C50068B0081EB8E /* Build configuration list for PBXNativeTarget "Hospital InspectionUITests" */;
			buildPhases = (
				1319AD4F2C50068B0081EB8E /* Sources */,
				1319AD502C50068B0081EB8E /* Frameworks */,
				1319AD512C50068B0081EB8E /* Resources */,
			);
			buildRules = (
			);
			dependencies = (
				1319AD552C50068B0081EB8E /* PBXTargetDependency */,
			);
			name = "Hospital InspectionUITests";
			productName = "Hospital InspectionUITests";
			productReference = 1319AD532C50068B0081EB8E /* Hospital InspectionUITests.xctest */;
			productType = "com.apple.product-type.bundle.ui-testing";
		};
/* End PBXNativeTarget section */

/* Begin PBXProject section */
		1319AD2B2C50068A0081EB8E /* Project object */ = {
			isa = PBXProject;
			attributes = {
				BuildIndependentTargetsInParallel = 1;
				LastSwiftUpdateCheck = 1530;
				LastUpgradeCheck = 1530;
				TargetAttributes = {
					1319AD322C50068A0081EB8E = {
						CreatedOnToolsVersion = 15.3;
					};
					1319AD482C50068B0081EB8E = {
						CreatedOnToolsVersion = 15.3;
						TestTargetID = 1319AD322C50068A0081EB8E;
					};
					1319AD522C50068B0081EB8E = {
						CreatedOnToolsVersion = 15.3;
						TestTargetID = 1319AD322C50068A0081EB8E;
					};
				};
			};
			buildConfigurationList = 1319AD2E2C50068A0081EB8E /* Build configuration list for PBXProject "Hospital Inspection" */;
			compatibilityVersion = "Xcode 14.0";
			developmentRegion = en;
			hasScannedForEncodings = 0;
			knownRegions = (
				en,
				Base,
			);
			mainGroup = 1319AD2A2C50068A0081EB8E;
			productRefGroup = 1319AD342C50068B0081EB8E /* Products */;
			projectDirPath = "";
			projectRoot = "";
			targets = (
				1319AD322C50068A0081EB8E /* Hospital Inspection */,
				1319AD482C50068B0081EB8E /* Hospital InspectionTests */,
				1319AD522C50068B0081EB8E /* Hospital InspectionUITests */,
			);
		};
/* End PBXProject section */

/* Begin PBXResourcesBuildPhase section */
		1319AD312C50068A0081EB8E /* Resources */ = {
			isa = PBXResourcesBuildPhase;
			buildActionMask = 2147483647;
			files = (
				13E91E792C5649BF002FF74C /* SurveyQuestionTableViewCell.xib in Resources */,
				135889EA2C55454A0023D640 /* InspectionViewController.xib in Resources */,
				1319AD402C50068B0081EB8E /* Assets.xcassets in Resources */,
				1319AD432C50068B0081EB8E /* Base in Resources */,
				135889F32C5557660023D640 /* inspection.json in Resources */,
				1319AD3E2C50068B0081EB8E /* Base in Resources */,
				13F622FF2C523AF000CC5928 /* AuthenticateVC.xib in Resources */,
				13E91E7E2C565339002FF74C /* SurveyAnswerTableViewCell.xib in Resources */,
			);
			runOnlyForDeploymentPostprocessing = 0;
		};
		1319AD472C50068B0081EB8E /* Resources */ = {
			isa = PBXResourcesBuildPhase;
			buildActionMask = 2147483647;
			files = (
			);
			runOnlyForDeploymentPostprocessing = 0;
		};
		1319AD512C50068B0081EB8E /* Resources */ = {
			isa = PBXResourcesBuildPhase;
			buildActionMask = 2147483647;
			files = (
			);
			runOnlyForDeploymentPostprocessing = 0;
		};
/* End PBXResourcesBuildPhase section */

/* Begin PBXSourcesBuildPhase section */
		1319AD2F2C50068A0081EB8E /* Sources */ = {
			isa = PBXSourcesBuildPhase;
			buildActionMask = 2147483647;
			files = (
				1319AD372C50068B0081EB8E /* AppDelegate.swift in Sources */,
				13D948C62C536FB2003AA117 /* UITextField+Extension.swift in Sources */,
				1319AD392C50068B0081EB8E /* SceneDelegate.swift in Sources */,
				135889EB2C55454A0023D640 /* InspectionViewController.swift in Sources */,
				135889DF2C54B6570023D640 /* APIEndpoints.swift in Sources */,
				13D948CE2C53E285003AA117 /* AuthenticationVM.swift in Sources */,
				135889DA2C54B33E0023D640 /* AuthenticationAPIServiceManager.swift in Sources */,
				13E91E782C5649BF002FF74C /* SurveyQuestionTableViewCell.swift in Sources */,
				135889EE2C5552290023D640 /* InspectionModel.swift in Sources */,
				13D948CB2C53E07B003AA117 /* AuthenticationModel.swift in Sources */,
				13E91E7D2C565339002FF74C /* SurveyAnswerTableViewCell.swift in Sources */,
				135889F12C5555750023D640 /* InspectionViewModel.swift in Sources */,
				135A7CC82C56B571001B26E5 /* InspectionAPIServiceManager.swift in Sources */,
				13F623002C523AF000CC5928 /* AuthenticateVC.swift in Sources */,
			);
			runOnlyForDeploymentPostprocessing = 0;
		};
		1319AD452C50068B0081EB8E /* Sources */ = {
			isa = PBXSourcesBuildPhase;
			buildActionMask = 2147483647;
			files = (
				135A7CCA2C56C098001B26E5 /* AuthenticationApiServiceManagerTests.swift in Sources */,
				1319AD4E2C50068B0081EB8E /* Hospital_InspectionTests.swift in Sources */,
			);
			runOnlyForDeploymentPostprocessing = 0;
		};
		1319AD4F2C50068B0081EB8E /* Sources */ = {
			isa = PBXSourcesBuildPhase;
			buildActionMask = 2147483647;
			files = (
				1319AD5A2C50068B0081EB8E /* Hospital_InspectionUITestsLaunchTests.swift in Sources */,
				1319AD582C50068B0081EB8E /* Hospital_InspectionUITests.swift in Sources */,
			);
			runOnlyForDeploymentPostprocessing = 0;
		};
/* End PBXSourcesBuildPhase section */

/* Begin PBXTargetDependency section */
		1319AD4B2C50068B0081EB8E /* PBXTargetDependency */ = {
			isa = PBXTargetDependency;
			target = 1319AD322C50068A0081EB8E /* Hospital Inspection */;
			targetProxy = 1319AD4A2C50068B0081EB8E /* PBXContainerItemProxy */;
		};
		1319AD552C50068B0081EB8E /* PBXTargetDependency */ = {
			isa = PBXTargetDependency;
			target = 1319AD322C50068A0081EB8E /* Hospital Inspection */;
			targetProxy = 1319AD542C50068B0081EB8E /* PBXContainerItemProxy */;
		};
/* End PBXTargetDependency section */

/* Begin PBXVariantGroup section */
		1319AD3C2C50068B0081EB8E /* Main.storyboard */ = {
			isa = PBXVariantGroup;
			children = (
				1319AD3D2C50068B0081EB8E /* Base */,
			);
			name = Main.storyboard;
			sourceTree = "<group>";
		};
		1319AD412C50068B0081EB8E /* LaunchScreen.storyboard */ = {
			isa = PBXVariantGroup;
			children = (
				1319AD422C50068B0081EB8E /* Base */,
			);
			name = LaunchScreen.storyboard;
			sourceTree = "<group>";
		};
/* End PBXVariantGroup section */

/* Begin XCBuildConfiguration section */
		1319AD5B2C50068B0081EB8E /* Debug */ = {
			isa = XCBuildConfiguration;
			buildSettings = {
				ALWAYS_SEARCH_USER_PATHS = NO;
				ASSETCATALOG_COMPILER_GENERATE_SWIFT_ASSET_SYMBOL_EXTENSIONS = YES;
				CLANG_ANALYZER_NONNULL = YES;
				CLANG_ANALYZER_NUMBER_OBJECT_CONVERSION = YES_AGGRESSIVE;
				CLANG_CXX_LANGUAGE_STANDARD = "gnu++20";
				CLANG_ENABLE_MODULES = YES;
				CLANG_ENABLE_OBJC_ARC = YES;
				CLANG_ENABLE_OBJC_WEAK = YES;
				CLANG_WARN_BLOCK_CAPTURE_AUTORELEASING = YES;
				CLANG_WARN_BOOL_CONVERSION = YES;
				CLANG_WARN_COMMA = YES;
				CLANG_WARN_CONSTANT_CONVERSION = YES;
				CLANG_WARN_DEPRECATED_OBJC_IMPLEMENTATIONS = YES;
				CLANG_WARN_DIRECT_OBJC_ISA_USAGE = YES_ERROR;
				CLANG_WARN_DOCUMENTATION_COMMENTS = YES;
				CLANG_WARN_EMPTY_BODY = YES;
				CLANG_WARN_ENUM_CONVERSION = YES;
				CLANG_WARN_INFINITE_RECURSION = YES;
				CLANG_WARN_INT_CONVERSION = YES;
				CLANG_WARN_NON_LITERAL_NULL_CONVERSION = YES;
				CLANG_WARN_OBJC_IMPLICIT_RETAIN_SELF = YES;
				CLANG_WARN_OBJC_LITERAL_CONVERSION = YES;
				CLANG_WARN_OBJC_ROOT_CLASS = YES_ERROR;
				CLANG_WARN_QUOTED_INCLUDE_IN_FRAMEWORK_HEADER = YES;
				CLANG_WARN_RANGE_LOOP_ANALYSIS = YES;
				CLANG_WARN_STRICT_PROTOTYPES = YES;
				CLANG_WARN_SUSPICIOUS_MOVE = YES;
				CLANG_WARN_UNGUARDED_AVAILABILITY = YES_AGGRESSIVE;
				CLANG_WARN_UNREACHABLE_CODE = YES;
				CLANG_WARN__DUPLICATE_METHOD_MATCH = YES;
				COPY_PHASE_STRIP = NO;
				DEBUG_INFORMATION_FORMAT = dwarf;
				ENABLE_STRICT_OBJC_MSGSEND = YES;
				ENABLE_TESTABILITY = YES;
				ENABLE_USER_SCRIPT_SANDBOXING = YES;
				GCC_C_LANGUAGE_STANDARD = gnu17;
				GCC_DYNAMIC_NO_PIC = NO;
				GCC_NO_COMMON_BLOCKS = YES;
				GCC_OPTIMIZATION_LEVEL = 0;
				GCC_PREPROCESSOR_DEFINITIONS = (
					"DEBUG=1",
					"$(inherited)",
				);
				GCC_WARN_64_TO_32_BIT_CONVERSION = YES;
				GCC_WARN_ABOUT_RETURN_TYPE = YES_ERROR;
				GCC_WARN_UNDECLARED_SELECTOR = YES;
				GCC_WARN_UNINITIALIZED_AUTOS = YES_AGGRESSIVE;
				GCC_WARN_UNUSED_FUNCTION = YES;
				GCC_WARN_UNUSED_VARIABLE = YES;
				IPHONEOS_DEPLOYMENT_TARGET = 17.4;
				LOCALIZATION_PREFERS_STRING_CATALOGS = YES;
				MTL_ENABLE_DEBUG_INFO = INCLUDE_SOURCE;
				MTL_FAST_MATH = YES;
				ONLY_ACTIVE_ARCH = YES;
				SDKROOT = iphoneos;
				SWIFT_ACTIVE_COMPILATION_CONDITIONS = "DEBUG $(inherited)";
				SWIFT_OPTIMIZATION_LEVEL = "-Onone";
			};
			name = Debug;
		};
		1319AD5C2C50068B0081EB8E /* Release */ = {
			isa = XCBuildConfiguration;
			buildSettings = {
				ALWAYS_SEARCH_USER_PATHS = NO;
				ASSETCATALOG_COMPILER_GENERATE_SWIFT_ASSET_SYMBOL_EXTENSIONS = YES;
				CLANG_ANALYZER_NONNULL = YES;
				CLANG_ANALYZER_NUMBER_OBJECT_CONVERSION = YES_AGGRESSIVE;
				CLANG_CXX_LANGUAGE_STANDARD = "gnu++20";
				CLANG_ENABLE_MODULES = YES;
				CLANG_ENABLE_OBJC_ARC = YES;
				CLANG_ENABLE_OBJC_WEAK = YES;
				CLANG_WARN_BLOCK_CAPTURE_AUTORELEASING = YES;
				CLANG_WARN_BOOL_CONVERSION = YES;
				CLANG_WARN_COMMA = YES;
				CLANG_WARN_CONSTANT_CONVERSION = YES;
				CLANG_WARN_DEPRECATED_OBJC_IMPLEMENTATIONS = YES;
				CLANG_WARN_DIRECT_OBJC_ISA_USAGE = YES_ERROR;
				CLANG_WARN_DOCUMENTATION_COMMENTS = YES;
				CLANG_WARN_EMPTY_BODY = YES;
				CLANG_WARN_ENUM_CONVERSION = YES;
				CLANG_WARN_INFINITE_RECURSION = YES;
				CLANG_WARN_INT_CONVERSION = YES;
				CLANG_WARN_NON_LITERAL_NULL_CONVERSION = YES;
				CLANG_WARN_OBJC_IMPLICIT_RETAIN_SELF = YES;
				CLANG_WARN_OBJC_LITERAL_CONVERSION = YES;
				CLANG_WARN_OBJC_ROOT_CLASS = YES_ERROR;
				CLANG_WARN_QUOTED_INCLUDE_IN_FRAMEWORK_HEADER = YES;
				CLANG_WARN_RANGE_LOOP_ANALYSIS = YES;
				CLANG_WARN_STRICT_PROTOTYPES = YES;
				CLANG_WARN_SUSPICIOUS_MOVE = YES;
				CLANG_WARN_UNGUARDED_AVAILABILITY = YES_AGGRESSIVE;
				CLANG_WARN_UNREACHABLE_CODE = YES;
				CLANG_WARN__DUPLICATE_METHOD_MATCH = YES;
				COPY_PHASE_STRIP = NO;
				DEBUG_INFORMATION_FORMAT = "dwarf-with-dsym";
				ENABLE_NS_ASSERTIONS = NO;
				ENABLE_STRICT_OBJC_MSGSEND = YES;
				ENABLE_USER_SCRIPT_SANDBOXING = YES;
				GCC_C_LANGUAGE_STANDARD = gnu17;
				GCC_NO_COMMON_BLOCKS = YES;
				GCC_WARN_64_TO_32_BIT_CONVERSION = YES;
				GCC_WARN_ABOUT_RETURN_TYPE = YES_ERROR;
				GCC_WARN_UNDECLARED_SELECTOR = YES;
				GCC_WARN_UNINITIALIZED_AUTOS = YES_AGGRESSIVE;
				GCC_WARN_UNUSED_FUNCTION = YES;
				GCC_WARN_UNUSED_VARIABLE = YES;
				IPHONEOS_DEPLOYMENT_TARGET = 17.4;
				LOCALIZATION_PREFERS_STRING_CATALOGS = YES;
				MTL_ENABLE_DEBUG_INFO = NO;
				MTL_FAST_MATH = YES;
				SDKROOT = iphoneos;
				SWIFT_COMPILATION_MODE = wholemodule;
				VALIDATE_PRODUCT = YES;
			};
			name = Release;
		};
		1319AD5E2C50068B0081EB8E /* Debug */ = {
			isa = XCBuildConfiguration;
			buildSettings = {
				ASSETCATALOG_COMPILER_APPICON_NAME = AppIcon;
				ASSETCATALOG_COMPILER_GLOBAL_ACCENT_COLOR_NAME = AccentColor;
				CODE_SIGN_STYLE = Automatic;
				CURRENT_PROJECT_VERSION = 1;
				DEVELOPMENT_TEAM = 9NCPPQMBLH;
				GENERATE_INFOPLIST_FILE = YES;
				INFOPLIST_FILE = "Hospital Inspection/Info.plist";
				INFOPLIST_KEY_UIApplicationSupportsIndirectInputEvents = YES;
				INFOPLIST_KEY_UILaunchStoryboardName = LaunchScreen;
				INFOPLIST_KEY_UIMainStoryboardFile = Main;
				INFOPLIST_KEY_UISupportedInterfaceOrientations_iPad = "UIInterfaceOrientationPortrait UIInterfaceOrientationPortraitUpsideDown UIInterfaceOrientationLandscapeLeft UIInterfaceOrientationLandscapeRight";
				INFOPLIST_KEY_UISupportedInterfaceOrientations_iPhone = "UIInterfaceOrientationPortrait UIInterfaceOrientationLandscapeLeft UIInterfaceOrientationLandscapeRight";
				LD_RUNPATH_SEARCH_PATHS = (
					"$(inherited)",
					"@executable_path/Frameworks",
				);
				MARKETING_VERSION = 1.0;
				PRODUCT_BUNDLE_IDENTIFIER = "com.kamleshN.Hospital-Inspection";
				PRODUCT_NAME = "$(TARGET_NAME)";
				SWIFT_EMIT_LOC_STRINGS = YES;
				SWIFT_VERSION = 5.0;
				TARGETED_DEVICE_FAMILY = "1,2";
			};
			name = Debug;
		};
		1319AD5F2C50068B0081EB8E /* Release */ = {
			isa = XCBuildConfiguration;
			buildSettings = {
				ASSETCATALOG_COMPILER_APPICON_NAME = AppIcon;
				ASSETCATALOG_COMPILER_GLOBAL_ACCENT_COLOR_NAME = AccentColor;
				CODE_SIGN_STYLE = Automatic;
				CURRENT_PROJECT_VERSION = 1;
				DEVELOPMENT_TEAM = 9NCPPQMBLH;
				GENERATE_INFOPLIST_FILE = YES;
				INFOPLIST_FILE = "Hospital Inspection/Info.plist";
				INFOPLIST_KEY_UIApplicationSupportsIndirectInputEvents = YES;
				INFOPLIST_KEY_UILaunchStoryboardName = LaunchScreen;
				INFOPLIST_KEY_UIMainStoryboardFile = Main;
				INFOPLIST_KEY_UISupportedInterfaceOrientations_iPad = "UIInterfaceOrientationPortrait UIInterfaceOrientationPortraitUpsideDown UIInterfaceOrientationLandscapeLeft UIInterfaceOrientationLandscapeRight";
				INFOPLIST_KEY_UISupportedInterfaceOrientations_iPhone = "UIInterfaceOrientationPortrait UIInterfaceOrientationLandscapeLeft UIInterfaceOrientationLandscapeRight";
				LD_RUNPATH_SEARCH_PATHS = (
					"$(inherited)",
					"@executable_path/Frameworks",
				);
				MARKETING_VERSION = 1.0;
				PRODUCT_BUNDLE_IDENTIFIER = "com.kamleshN.Hospital-Inspection";
				PRODUCT_NAME = "$(TARGET_NAME)";
				SWIFT_EMIT_LOC_STRINGS = YES;
				SWIFT_VERSION = 5.0;
				TARGETED_DEVICE_FAMILY = "1,2";
			};
			name = Release;
		};
		1319AD612C50068B0081EB8E /* Debug */ = {
			isa = XCBuildConfiguration;
			buildSettings = {
				ALWAYS_EMBED_SWIFT_STANDARD_LIBRARIES = YES;
				BUNDLE_LOADER = "$(TEST_HOST)";
				CODE_SIGN_STYLE = Automatic;
				CURRENT_PROJECT_VERSION = 1;
				DEVELOPMENT_TEAM = 9NCPPQMBLH;
				GENERATE_INFOPLIST_FILE = YES;
				IPHONEOS_DEPLOYMENT_TARGET = 17.4;
				MARKETING_VERSION = 1.0;
				PRODUCT_BUNDLE_IDENTIFIER = "com.kamleshN.Hospital-InspectionTests";
				PRODUCT_NAME = "$(TARGET_NAME)";
				SWIFT_EMIT_LOC_STRINGS = NO;
				SWIFT_VERSION = 5.0;
				TARGETED_DEVICE_FAMILY = "1,2";
				TEST_HOST = "$(BUILT_PRODUCTS_DIR)/Hospital Inspection.app/$(BUNDLE_EXECUTABLE_FOLDER_PATH)/Hospital Inspection";
			};
			name = Debug;
		};
		1319AD622C50068B0081EB8E /* Release */ = {
			isa = XCBuildConfiguration;
			buildSettings = {
				ALWAYS_EMBED_SWIFT_STANDARD_LIBRARIES = YES;
				BUNDLE_LOADER = "$(TEST_HOST)";
				CODE_SIGN_STYLE = Automatic;
				CURRENT_PROJECT_VERSION = 1;
				DEVELOPMENT_TEAM = 9NCPPQMBLH;
				GENERATE_INFOPLIST_FILE = YES;
				IPHONEOS_DEPLOYMENT_TARGET = 17.4;
				MARKETING_VERSION = 1.0;
				PRODUCT_BUNDLE_IDENTIFIER = "com.kamleshN.Hospital-InspectionTests";
				PRODUCT_NAME = "$(TARGET_NAME)";
				SWIFT_EMIT_LOC_STRINGS = NO;
				SWIFT_VERSION = 5.0;
				TARGETED_DEVICE_FAMILY = "1,2";
				TEST_HOST = "$(BUILT_PRODUCTS_DIR)/Hospital Inspection.app/$(BUNDLE_EXECUTABLE_FOLDER_PATH)/Hospital Inspection";
			};
			name = Release;
		};
		1319AD642C50068B0081EB8E /* Debug */ = {
			isa = XCBuildConfiguration;
			buildSettings = {
				ALWAYS_EMBED_SWIFT_STANDARD_LIBRARIES = YES;
				CODE_SIGN_STYLE = Automatic;
				CURRENT_PROJECT_VERSION = 1;
				DEVELOPMENT_TEAM = 9NCPPQMBLH;
				GENERATE_INFOPLIST_FILE = YES;
				MARKETING_VERSION = 1.0;
				PRODUCT_BUNDLE_IDENTIFIER = "com.kamleshN.Hospital-InspectionUITests";
				PRODUCT_NAME = "$(TARGET_NAME)";
				SWIFT_EMIT_LOC_STRINGS = NO;
				SWIFT_VERSION = 5.0;
				TARGETED_DEVICE_FAMILY = "1,2";
				TEST_TARGET_NAME = "Hospital Inspection";
			};
			name = Debug;
		};
		1319AD652C50068B0081EB8E /* Release */ = {
			isa = XCBuildConfiguration;
			buildSettings = {
				ALWAYS_EMBED_SWIFT_STANDARD_LIBRARIES = YES;
				CODE_SIGN_STYLE = Automatic;
				CURRENT_PROJECT_VERSION = 1;
				DEVELOPMENT_TEAM = 9NCPPQMBLH;
				GENERATE_INFOPLIST_FILE = YES;
				MARKETING_VERSION = 1.0;
				PRODUCT_BUNDLE_IDENTIFIER = "com.kamleshN.Hospital-InspectionUITests";
				PRODUCT_NAME = "$(TARGET_NAME)";
				SWIFT_EMIT_LOC_STRINGS = NO;
				SWIFT_VERSION = 5.0;
				TARGETED_DEVICE_FAMILY = "1,2";
				TEST_TARGET_NAME = "Hospital Inspection";
			};
			name = Release;
		};
/* End XCBuildConfiguration section */

/* Begin XCConfigurationList section */
		1319AD2E2C50068A0081EB8E /* Build configuration list for PBXProject "Hospital Inspection" */ = {
			isa = XCConfigurationList;
			buildConfigurations = (
				1319AD5B2C50068B0081EB8E /* Debug */,
				1319AD5C2C50068B0081EB8E /* Release */,
			);
			defaultConfigurationIsVisible = 0;
			defaultConfigurationName = Release;
		};
		1319AD5D2C50068B0081EB8E /* Build configuration list for PBXNativeTarget "Hospital Inspection" */ = {
			isa = XCConfigurationList;
			buildConfigurations = (
				1319AD5E2C50068B0081EB8E /* Debug */,
				1319AD5F2C50068B0081EB8E /* Release */,
			);
			defaultConfigurationIsVisible = 0;
			defaultConfigurationName = Release;
		};
		1319AD602C50068B0081EB8E /* Build configuration list for PBXNativeTarget "Hospital InspectionTests" */ = {
			isa = XCConfigurationList;
			buildConfigurations = (
				1319AD612C50068B0081EB8E /* Debug */,
				1319AD622C50068B0081EB8E /* Release */,
			);
			defaultConfigurationIsVisible = 0;
			defaultConfigurationName = Release;
		};
		1319AD632C50068B0081EB8E /* Build configuration list for PBXNativeTarget "Hospital InspectionUITests" */ = {
			isa = XCConfigurationList;
			buildConfigurations = (
				1319AD642C50068B0081EB8E /* Debug */,
				1319AD652C50068B0081EB8E /* Release */,
			);
			defaultConfigurationIsVisible = 0;
			defaultConfigurationName = Release;
		};
/* End XCConfigurationList section */
	};
	rootObject = 1319AD2B2C50068A0081EB8E /* Project object */;
}
